
Microsoft Visual Studio Solution File, Format Version 12.00
# Visual Studio Version 17
VisualStudioVersion = 17.7.34221.43
MinimumVisualStudioVersion = 10.0.40219.1
Project("{8BC9CEB8-8B4A-11D0-8D11-00A0C91BC942}") = "OtoparkOtomasyonuCPP", "OtoparkOtomasyonuCPP\OtoparkOtomasyonuCPP.vcxproj", "{EB419AE0-2453-488E-B864-C0CD4FB88976}"
EndProject
Global
	GlobalSection(SolutionConfigurationPlatforms) = preSolution
		Debug|x64 = Debug|x64
		Debug|x86 = Debug|x86
		Release|x64 = Release|x64
		Release|x86 = Release|x86
	EndGlobalSection
	GlobalSection(ProjectConfigurationPlatforms) = postSolution
		{EB419AE0-2453-488E-B864-C0CD4FB88976}.Debug|x64.ActiveCfg = Debug|x64
		{EB419AE0-2453-488E-B864-C0CD4FB88976}.Debug|x64.Build.0 = Debug|x64
		{EB419AE0-2453-488E-B864-C0CD4FB88976}.Debug|x86.ActiveCfg = Debug|Win32
		{EB419AE0-2453-488E-B864-C0CD4FB88976}.Debug|x86.Build.0 = Debug|Win32
		{EB419AE0-2453-488E-B864-C0CD4FB88976}.Release|x64.ActiveCfg = Release|x64
		{EB419AE0-2453-488E-B864-C0CD4FB88976}.Release|x64.Build.0 = Release|x64
		{EB419AE0-2453-488E-B864-C0CD4FB88976}.Release|x86.ActiveCfg = Release|Win32
		{EB419AE0-2453-488E-B864-C0CD4FB88976}.Release|x86.Build.0 = Release|Win32
	EndGlobalSection
	GlobalSection(SolutionProperties) = preSolution
		HideSolutionNode = FALSE
	EndGlobalSection
	GlobalSection(ExtensibilityGlobals) = postSolution
		SolutionGuid = {C13EF1AA-A41A-45D0-8DEE-512ADF2826A1}
	EndGlobalSection
EndGlobal
